
Microsoft Visual Studio Solution File, Format Version 12.00
# Visual Studio Version 17
VisualStudioVersion = 17.14.37216.2 d17.14
MinimumVisualStudioVersion = 10.0.40219.1
Project("{FAE04EC0-301F-11D3-BF4B-00C04F79EFBC}") = "BookListView", "BookListView\BookListView.csproj", "{84BDE099-D160-4AD8-9C6A-2C0A067EEC2F}"
EndProject
Global
	GlobalSection(SolutionConfigurationPlatforms) = preSolution
		Debug|Any CPU = Debug|Any CPU
		Release|Any CPU = Release|Any CPU
	EndGlobalSection
	GlobalSection(ProjectConfigurationPlatforms) = postSolution
		{84BDE099-D160-4AD8-9C6A-2C0A067EEC2F}.Debug|Any CPU.ActiveCfg = Debug|Any CPU
		{84BDE099-D160-4AD8-9C6A-2C0A067EEC2F}.Debug|Any CPU.Build.0 = Debug|Any CPU
		{84BDE099-D160-4AD8-9C6A-2C0A067EEC2F}.Release|Any CPU.ActiveCfg = Release|Any CPU
		{84BDE099-D160-4AD8-9C6A-2C0A067EEC2F}.Release|Any CPU.Build.0 = Release|Any CPU
	EndGlobalSection
	GlobalSection(SolutionProperties) = preSolution
		HideSolutionNode = FALSE
	EndGlobalSection
	GlobalSection(ExtensibilityGlobals) = postSolution
		SolutionGuid = {4CD34AD1-C858-49C9-9624-476F45660F1F}
	EndGlobalSection
EndGlobal
